Microsoft Visual Studio Solution File, Format Version 7.00
Project("{8BC9CEB8-8B4A-11D0-8D11-00A0C91BC942}") = "Virtual_Dash", "Virtual_Dash.vcproj", "{50D4110F-24A5-496E-B62E-5BC0341DDA64}"
EndProject
Project("{8BC9CEB8-8B4A-11D0-8D11-00A0C91BC942}") = "Remote_control", "..\plugins\Remote_control\Remote_control.vcproj", "{65389EC8-372D-4205-925A-E69DF80582D0}"
EndProject
Project("{8BC9CEB8-8B4A-11D0-8D11-00A0C91BC942}") = "VAN_Logger", "..\plugins\VAN_Logger\VAN_Logger.vcproj", "{A7EF4F11-0D1A-4E05-BF4C-EAA04D34E99F}"
EndProject
Project("{8BC9CEB8-8B4A-11D0-8D11-00A0C91BC942}") = "Raw_VAN_Parser", "..\plugins\Raw_VAN_Parser\Raw_VAN_Parser.vcproj", "{A46D4F1B-BE8F-41E0-A62F-4C07C716C9B3}"
EndProject
Project("{8BC9CEB8-8B4A-11D0-8D11-00A0C91BC942}") = "VirtualDisplay", "..\plugins\VirtualDisplay\VirtualDisplay.vcproj", "{ED121929-BAEE-4B4A-961A-F3CA08B6352E}"
EndProject
Project("{8BC9CEB8-8B4A-11D0-8D11-00A0C91BC942}") = "Txt_VAN_Parser", "..\plugins\Txt_VAN_Parser\Txt_VAN_Parser.vcproj", "{F045A793-D8D3-4A5F-B1C1-652AD104F998}"
EndProject
Global
	GlobalSection(SolutionConfiguration) = preSolution
		ConfigName.0 = Debug
		ConfigName.1 = Release
	EndGlobalSection
	GlobalSection(ProjectDependencies) = postSolution
	EndGlobalSection
	GlobalSection(ProjectConfiguration) = postSolution
		{50D4110F-24A5-496E-B62E-5BC0341DDA64}.Debug.ActiveCfg = Debug|Win32
		{50D4110F-24A5-496E-B62E-5BC0341DDA64}.Debug.Build.0 = Debug|Win32
		{50D4110F-24A5-496E-B62E-5BC0341DDA64}.Release.ActiveCfg = Release|Win32
		{50D4110F-24A5-496E-B62E-5BC0341DDA64}.Release.Build.0 = Release|Win32
		{65389EC8-372D-4205-925A-E69DF80582D0}.Debug.ActiveCfg = Debug|Win32
		{65389EC8-372D-4205-925A-E69DF80582D0}.Debug.Build.0 = Debug|Win32
		{65389EC8-372D-4205-925A-E69DF80582D0}.Release.ActiveCfg = Release|Win32
		{65389EC8-372D-4205-925A-E69DF80582D0}.Release.Build.0 = Release|Win32
		{A7EF4F11-0D1A-4E05-BF4C-EAA04D34E99F}.Debug.ActiveCfg = Debug|Win32
		{A7EF4F11-0D1A-4E05-BF4C-EAA04D34E99F}.Debug.Build.0 = Debug|Win32
		{A7EF4F11-0D1A-4E05-BF4C-EAA04D34E99F}.Release.ActiveCfg = Release|Win32
		{A7EF4F11-0D1A-4E05-BF4C-EAA04D34E99F}.Release.Build.0 = Release|Win32
		{A46D4F1B-BE8F-41E0-A62F-4C07C716C9B3}.Debug.ActiveCfg = Debug|Win32
		{A46D4F1B-BE8F-41E0-A62F-4C07C716C9B3}.Debug.Build.0 = Debug|Win32
		{A46D4F1B-BE8F-41E0-A62F-4C07C716C9B3}.Release.ActiveCfg = Release|Win32
		{A46D4F1B-BE8F-41E0-A62F-4C07C716C9B3}.Release.Build.0 = Release|Win32
		{ED121929-BAEE-4B4A-961A-F3CA08B6352E}.Debug.ActiveCfg = Debug|Win32
		{ED121929-BAEE-4B4A-961A-F3CA08B6352E}.Debug.Build.0 = Debug|Win32
		{ED121929-BAEE-4B4A-961A-F3CA08B6352E}.Release.ActiveCfg = Release|Win32
		{ED121929-BAEE-4B4A-961A-F3CA08B6352E}.Release.Build.0 = Release|Win32
		{F045A793-D8D3-4A5F-B1C1-652AD104F998}.Debug.ActiveCfg = Debug|Win32
		{F045A793-D8D3-4A5F-B1C1-652AD104F998}.Debug.Build.0 = Debug|Win32
		{F045A793-D8D3-4A5F-B1C1-652AD104F998}.Release.ActiveCfg = Release|Win32
		{F045A793-D8D3-4A5F-B1C1-652AD104F998}.Release.Build.0 = Release|Win32
	EndGlobalSection
	GlobalSection(ExtensibilityGlobals) = postSolution
	EndGlobalSection
	GlobalSection(ExtensibilityAddIns) = postSolution
	EndGlobalSection
EndGlobal
